
Microsoft Visual Studio Solution File, Format Version 12.00
# Visual Studio 15
VisualStudioVersion = 15.0.27703.2000
MinimumVisualStudioVersion = 10.0.40219.1
Project("{9A19103F-16F7-4668-BE54-9A1E7A4F7556}") = "API", "API\API.csproj", "{FC6C8F99-E1D0-4AF2-A101-9A0A8B35E411}"
EndProject
Global
	GlobalSection(SolutionConfigurationPlatforms) = preSolution
		Debug|Any CPU = Debug|Any CPU
		Release|Any CPU = Release|Any CPU
	EndGlobalSection
	GlobalSection(ProjectConfigurationPlatforms) = postSolution
		{FC6C8F99-E1D0-4AF2-A101-9A0A8B35E411}.Debug|Any CPU.ActiveCfg = Debug|Any CPU
		{FC6C8F99-E1D0-4AF2-A101-9A0A8B35E411}.Debug|Any CPU.Build.0 = Debug|Any CPU
		{FC6C8F99-E1D0-4AF2-A101-9A0A8B35E411}.Release|Any CPU.ActiveCfg = Release|Any CPU
		{FC6C8F99-E1D0-4AF2-A101-9A0A8B35E411}.Release|Any CPU.Build.0 = Release|Any CPU
	EndGlobalSection
	GlobalSection(SolutionProperties) = preSolution
		HideSolutionNode = FALSE
	EndGlobalSection
	GlobalSection(ExtensibilityGlobals) = postSolution
		SolutionGuid = {A663B7AB-F034-4C68-B8C6-D726BA9B6E49}
	EndGlobalSection
EndGlobal
